
Microsoft Visual Studio Solution File, Format Version 12.00
# Visual Studio Version 17
VisualStudioVersion = 17.5.33502.453
MinimumVisualStudioVersion = 10.0.40219.1
Project("{FAE04EC0-301F-11D3-BF4B-00C04F79EFBC}") = "Bookshop-ASP.NET-Core-MVC-Application", "Bookshop-ASP.NET-Core-MVC-Application.csproj", "{0E32D5FB-47E9-4E22-AE33-22E1F08AAB97}"
EndProject
Global
	GlobalSection(SolutionConfigurationPlatforms) = preSolution
		Debug|Any CPU = Debug|Any CPU
		Release|Any CPU = Release|Any CPU
	EndGlobalSection
	GlobalSection(ProjectConfigurationPlatforms) = postSolution
		{0E32D5FB-47E9-4E22-AE33-22E1F08AAB97}.Debug|Any CPU.ActiveCfg = Debug|Any CPU
		{0E32D5FB-47E9-4E22-AE33-22E1F08AAB97}.Debug|Any CPU.Build.0 = Debug|Any CPU
		{0E32D5FB-47E9-4E22-AE33-22E1F08AAB97}.Release|Any CPU.ActiveCfg = Release|Any CPU
		{0E32D5FB-47E9-4E22-AE33-22E1F08AAB97}.Release|Any CPU.Build.0 = Release|Any CPU
	EndGlobalSection
	GlobalSection(SolutionProperties) = preSolution
		HideSolutionNode = FALSE
	EndGlobalSection
	GlobalSection(ExtensibilityGlobals) = postSolution
		SolutionGuid = {51703389-4FAD-4EE2-BF51-374124DF819D}
	EndGlobalSection
EndGlobal
